# yarn.lock

# This file is automatically generated by yarn, do not edit this file directly.
# Generated on 2026-02-15 19:09:02 UTC

# NOTE: The following playwright-related entries have been removed.
# Remaining packages are preserved. 

# Packages
# ... (rest of the yarn.lock content without @playwright references)